
Microsoft Visual Studio Solution File, Format Version 12.00
# Visual Studio Version 17
VisualStudioVersion = 17.9.34723.18
MinimumVisualStudioVersion = 10.0.40219.1
Project("{888888A0-9F3D-457C-B088-3A5042F75D52}") = "alligatoreatschicken", "alligatoreatschicken.pyproj", "{F9E4A1A4-AF82-408E-991E-FA128078574E}"
EndProject
Global
	GlobalSection(SolutionConfigurationPlatforms) = preSolution
		Debug|Any CPU = Debug|Any CPU
		Release|Any CPU = Release|Any CPU
	EndGlobalSection
	GlobalSection(ProjectConfigurationPlatforms) = postSolution
		{F9E4A1A4-AF82-408E-991E-FA128078574E}.Debug|Any CPU.ActiveCfg = Debug|Any CPU
		{F9E4A1A4-AF82-408E-991E-FA128078574E}.Release|Any CPU.ActiveCfg = Release|Any CPU
	EndGlobalSection
	GlobalSection(SolutionProperties) = preSolution
		HideSolutionNode = FALSE
	EndGlobalSection
	GlobalSection(ExtensibilityGlobals) = postSolution
		SolutionGuid = {2E3581A4-64FB-49D1-91EB-2DD3F90C3B33}
	EndGlobalSection
EndGlobal
